
Microsoft Visual Studio Solution File, Format Version 12.00
# Visual Studio Version 16
VisualStudioVersion = 16.0.30011.22
MinimumVisualStudioVersion = 10.0.40219.1
Project("{8BC9CEB8-8B4A-11D0-8D11-00A0C91BC942}") = "16052020", "16052020\16052020.vcxproj", "{ADE83F56-58D1-4AB7-BE1B-1447F908DBFE}"
EndProject
Global
	GlobalSection(SolutionConfigurationPlatforms) = preSolution
		Debug|x64 = Debug|x64
		Debug|x86 = Debug|x86
		Release|x64 = Release|x64
		Release|x86 = Release|x86
	EndGlobalSection
	GlobalSection(ProjectConfigurationPlatforms) = postSolution
		{ADE83F56-58D1-4AB7-BE1B-1447F908DBFE}.Debug|x64.ActiveCfg = Debug|x64
		{ADE83F56-58D1-4AB7-BE1B-1447F908DBFE}.Debug|x64.Build.0 = Debug|x64
		{ADE83F56-58D1-4AB7-BE1B-1447F908DBFE}.Debug|x86.ActiveCfg = Debug|Win32
		{ADE83F56-58D1-4AB7-BE1B-1447F908DBFE}.Debug|x86.Build.0 = Debug|Win32
		{ADE83F56-58D1-4AB7-BE1B-1447F908DBFE}.Release|x64.ActiveCfg = Release|x64
		{ADE83F56-58D1-4AB7-BE1B-1447F908DBFE}.Release|x64.Build.0 = Release|x64
		{ADE83F56-58D1-4AB7-BE1B-1447F908DBFE}.Release|x86.ActiveCfg = Release|Win32
		{ADE83F56-58D1-4AB7-BE1B-1447F908DBFE}.Release|x86.Build.0 = Release|Win32
	EndGlobalSection
	GlobalSection(SolutionProperties) = preSolution
		HideSolutionNode = FALSE
	EndGlobalSection
	GlobalSection(ExtensibilityGlobals) = postSolution
		SolutionGuid = {FE793F3C-A4A1-4C93-85F3-75B952A02628}
	EndGlobalSection
EndGlobal
