
Microsoft Visual Studio Solution File, Format Version 12.00
# Visual Studio Version 16
VisualStudioVersion = 16.0.30011.22
MinimumVisualStudioVersion = 10.0.40219.1
Project("{8BC9CEB8-8B4A-11D0-8D11-00A0C91BC942}") = "13052020", "13052020\13052020.vcxproj", "{0783A714-37E4-458E-985F-2FD7B6BA3B6F}"
EndProject
Global
	GlobalSection(SolutionConfigurationPlatforms) = preSolution
		Debug|x64 = Debug|x64
		Debug|x86 = Debug|x86
		Release|x64 = Release|x64
		Release|x86 = Release|x86
	EndGlobalSection
	GlobalSection(ProjectConfigurationPlatforms) = postSolution
		{0783A714-37E4-458E-985F-2FD7B6BA3B6F}.Debug|x64.ActiveCfg = Debug|x64
		{0783A714-37E4-458E-985F-2FD7B6BA3B6F}.Debug|x64.Build.0 = Debug|x64
		{0783A714-37E4-458E-985F-2FD7B6BA3B6F}.Debug|x86.ActiveCfg = Debug|Win32
		{0783A714-37E4-458E-985F-2FD7B6BA3B6F}.Debug|x86.Build.0 = Debug|Win32
		{0783A714-37E4-458E-985F-2FD7B6BA3B6F}.Release|x64.ActiveCfg = Release|x64
		{0783A714-37E4-458E-985F-2FD7B6BA3B6F}.Release|x64.Build.0 = Release|x64
		{0783A714-37E4-458E-985F-2FD7B6BA3B6F}.Release|x86.ActiveCfg = Release|Win32
		{0783A714-37E4-458E-985F-2FD7B6BA3B6F}.Release|x86.Build.0 = Release|Win32
	EndGlobalSection
	GlobalSection(SolutionProperties) = preSolution
		HideSolutionNode = FALSE
	EndGlobalSection
	GlobalSection(ExtensibilityGlobals) = postSolution
		SolutionGuid = {BAF42640-E4BB-4A49-950E-C5E275274933}
	EndGlobalSection
EndGlobal
