
Microsoft Visual Studio Solution File, Format Version 12.00
# Visual Studio Version 16
VisualStudioVersion = 16.0.30011.22
MinimumVisualStudioVersion = 10.0.40219.1
Project("{8BC9CEB8-8B4A-11D0-8D11-00A0C91BC942}") = "02052020", "02052020\02052020.vcxproj", "{04721F05-F031-46E5-BB4B-DBFF343E98A7}"
EndProject
Global
	GlobalSection(SolutionConfigurationPlatforms) = preSolution
		Debug|x64 = Debug|x64
		Debug|x86 = Debug|x86
		Release|x64 = Release|x64
		Release|x86 = Release|x86
	EndGlobalSection
	GlobalSection(ProjectConfigurationPlatforms) = postSolution
		{04721F05-F031-46E5-BB4B-DBFF343E98A7}.Debug|x64.ActiveCfg = Debug|x64
		{04721F05-F031-46E5-BB4B-DBFF343E98A7}.Debug|x64.Build.0 = Debug|x64
		{04721F05-F031-46E5-BB4B-DBFF343E98A7}.Debug|x86.ActiveCfg = Debug|Win32
		{04721F05-F031-46E5-BB4B-DBFF343E98A7}.Debug|x86.Build.0 = Debug|Win32
		{04721F05-F031-46E5-BB4B-DBFF343E98A7}.Release|x64.ActiveCfg = Release|x64
		{04721F05-F031-46E5-BB4B-DBFF343E98A7}.Release|x64.Build.0 = Release|x64
		{04721F05-F031-46E5-BB4B-DBFF343E98A7}.Release|x86.ActiveCfg = Release|Win32
		{04721F05-F031-46E5-BB4B-DBFF343E98A7}.Release|x86.Build.0 = Release|Win32
	EndGlobalSection
	GlobalSection(SolutionProperties) = preSolution
		HideSolutionNode = FALSE
	EndGlobalSection
	GlobalSection(ExtensibilityGlobals) = postSolution
		SolutionGuid = {DD511D3E-497D-42ED-BC5E-6AC5339D2B81}
	EndGlobalSection
EndGlobal
